
Microsoft Visual Studio Solution File, Format Version 12.00
# Visual Studio Version 17
VisualStudioVersion = 17.2.32616.157
MinimumVisualStudioVersion = 10.0.40219.1
Project("{2150E333-8FDC-42A3-9474-1A3956D46DE8}") = "src", "src", "{3180FC31-19E4-4528-BA3F-BCAEBDA78390}"
EndProject
Project("{9A19103F-16F7-4668-BE54-9A1E7A4F7556}") = "Bioskop.Bsui", "src\Bioskop.Bsui\Bioskop.Bsui.csproj", "{1E1663F2-11FC-4579-A0E8-D3AF99FCAABF}"
EndProject
Project("{9A19103F-16F7-4668-BE54-9A1E7A4F7556}") = "Bioskop.Shared", "src\Bioskop.Shared\Bioskop.Shared.csproj", "{CCCADE9A-514C-428A-B853-BD33FFFABB23}"
EndProject
Global
	GlobalSection(SolutionConfigurationPlatforms) = preSolution
		Debug|Any CPU = Debug|Any CPU
		Release|Any CPU = Release|Any CPU
	EndGlobalSection
	GlobalSection(ProjectConfigurationPlatforms) = postSolution
		{1E1663F2-11FC-4579-A0E8-D3AF99FCAABF}.Debug|Any CPU.ActiveCfg = Debug|Any CPU
		{1E1663F2-11FC-4579-A0E8-D3AF99FCAABF}.Debug|Any CPU.Build.0 = Debug|Any CPU
		{1E1663F2-11FC-4579-A0E8-D3AF99FCAABF}.Release|Any CPU.ActiveCfg = Release|Any CPU
		{1E1663F2-11FC-4579-A0E8-D3AF99FCAABF}.Release|Any CPU.Build.0 = Release|Any CPU
		{CCCADE9A-514C-428A-B853-BD33FFFABB23}.Debug|Any CPU.ActiveCfg = Debug|Any CPU
		{CCCADE9A-514C-428A-B853-BD33FFFABB23}.Debug|Any CPU.Build.0 = Debug|Any CPU
		{CCCADE9A-514C-428A-B853-BD33FFFABB23}.Release|Any CPU.ActiveCfg = Release|Any CPU
		{CCCADE9A-514C-428A-B853-BD33FFFABB23}.Release|Any CPU.Build.0 = Release|Any CPU
	EndGlobalSection
	GlobalSection(SolutionProperties) = preSolution
		HideSolutionNode = FALSE
	EndGlobalSection
	GlobalSection(NestedProjects) = preSolution
		{1E1663F2-11FC-4579-A0E8-D3AF99FCAABF} = {3180FC31-19E4-4528-BA3F-BCAEBDA78390}
		{CCCADE9A-514C-428A-B853-BD33FFFABB23} = {3180FC31-19E4-4528-BA3F-BCAEBDA78390}
	EndGlobalSection
	GlobalSection(ExtensibilityGlobals) = postSolution
		SolutionGuid = {36742F55-BCEE-410C-A8B1-B11FF877711F}
	EndGlobalSection
EndGlobal
